// !$*UTF8*$!
{
	archiveVersion = 1;
	classes = {
	};
	objectVersion = 50;
	objects = {

/* Begin PBXBuildFile section */
		DA97DF4926D21B80007CE394 /* ForestColors.swift in Sources */ = {isa = PBXBuildFile; fileRef = DA97DF4826D21B80007CE394 /* ForestColors.swift */; };
		DAE371AF26D0CE8C00CA2D80 /* AppDelegate.swift in Sources */ = {isa = PBXBuildFile; fileRef = DAE371AE26D0CE8C00CA2D80 /* AppDelegate.swift */; };
		DAE371B126D0CE8C00CA2D80 /* SceneDelegate.swift in Sources */ = {isa = PBXBuildFile; fileRef = DAE371B026D0CE8C00CA2D80 /* SceneDelegate.swift */; };
		DAE371B326D0CE8C00CA2D80 /* ViewController.swift in Sources */ = {isa = PBXBuildFile; fileRef = DAE371B226D0CE8C00CA2D80 /* ViewController.swift */; };
		DAE371B626D0CE8C00CA2D80 /* Main.storyboard in Resources */ = {isa = PBXBuildFile; fileRef = DAE371B426D0CE8C00CA2D80 /* Main.storyboard */; };
		DAE371B826D0CE8D00CA2D80 /* Assets.xcassets in Resources */ = {isa = PBXBuildFile; fileRef = DAE371B726D0CE8D00CA2D80 /* Assets.xcassets */; };
		DAE371BB26D0CE8D00CA2D80 /* LaunchScreen.storyboard in Resources */ = {isa = PBXBuildFile; fileRef = DAE371B926D0CE8D00CA2D80 /* LaunchScreen.storyboard */; };
		DAE371C426D0CF0200CA2D80 /* ForestView.swift in Sources */ = {isa = PBXBuildFile; fileRef = DAE371C326D0CF0200CA2D80 /* ForestView.swift */; };
		DAE371C726D0CF2200CA2D80 /* Forest.swift in Sources */ = {isa = PBXBuildFile; fileRef = DAE371C626D0CF2100CA2D80 /* Forest.swift */; };
		DAE371CA26D0D0A500CA2D80 /* Grid.swift in Sources */ = {isa = PBXBuildFile; fileRef = DAE371C926D0D0A500CA2D80 /* Grid.swift */; };
		DAE371CD26D0D16E00CA2D80 /* Protocols.swift in Sources */ = {isa = PBXBuildFile; fileRef = DAE371CC26D0D16E00CA2D80 /* Protocols.swift */; };
		DAE371D026D0D19600CA2D80 /* Ground.swift in Sources */ = {isa = PBXBuildFile; fileRef = DAE371CF26D0D19600CA2D80 /* Ground.swift */; };
		DAE371D326D0D4D600CA2D80 /* Woodcutter.swift in Sources */ = {isa = PBXBuildFile; fileRef = DAE371D226D0D4D600CA2D80 /* Woodcutter.swift */; };
		DAE371D626D0D4E000CA2D80 /* Bear.swift in Sources */ = {isa = PBXBuildFile; fileRef = DAE371D526D0D4E000CA2D80 /* Bear.swift */; };
		DAE371D926D0D4E800CA2D80 /* Tree.swift in Sources */ = {isa = PBXBuildFile; fileRef = DAE371D826D0D4E800CA2D80 /* Tree.swift */; };
/* End PBXBuildFile section */

/* Begin PBXFileReference section */
		DA97DF4826D21B80007CE394 /* ForestColors.swift */ = {isa = PBXFileReference; lastKnownFileType = sourcecode.swift; path = ForestColors.swift; sourceTree = "<group>"; };
		DAE371AB26D0CE8C00CA2D80 /* Forest.app */ = {isa = PBXFileReference; explicitFileType = wrapper.application; includeInIndex = 0; path = Forest.app; sourceTree = BUILT_PRODUCTS_DIR; };
		DAE371AE26D0CE8C00CA2D80 /* AppDelegate.swift */ = {isa = PBXFileReference; lastKnownFileType = sourcecode.swift; path = AppDelegate.swift; sourceTree = "<group>"; };
		DAE371B026D0CE8C00CA2D80 /* SceneDelegate.swift */ = {isa = PBXFileReference; lastKnownFileType = sourcecode.swift; path = SceneDelegate.swift; sourceTree = "<group>"; };
		DAE371B226D0CE8C00CA2D80 /* ViewController.swift */ = {isa = PBXFileReference; lastKnownFileType = sourcecode.swift; path = ViewController.swift; sourceTree = "<group>"; };
		DAE371B526D0CE8C00CA2D80 /* Base */ = {isa = PBXFileReference; lastKnownFileType = file.storyboard; name = Base; path = Base.lproj/Main.storyboard; sourceTree = "<group>"; };
		DAE371B726D0CE8D00CA2D80 /* Assets.xcassets */ = {isa = PBXFileReference; lastKnownFileType = folder.assetcatalog; path = Assets.xcassets; sourceTree = "<group>"; };
		DAE371BA26D0CE8D00CA2D80 /* Base */ = {isa = PBXFileReference; lastKnownFileType = file.storyboard; name = Base; path = Base.lproj/LaunchScreen.storyboard; sourceTree = "<group>"; };
		DAE371BC26D0CE8D00CA2D80 /* Info.plist */ = {isa = PBXFileReference; lastKnownFileType = text.plist.xml; path = Info.plist; sourceTree = "<group>"; };
		DAE371C326D0CF0200CA2D80 /* ForestView.swift */ = {isa = PBXFileReference; lastKnownFileType = sourcecode.swift; path = ForestView.swift; sourceTree = "<group>"; };
		DAE371C626D0CF2100CA2D80 /* Forest.swift */ = {isa = PBXFileReference; lastKnownFileType = sourcecode.swift; path = Forest.swift; sourceTree = "<group>"; };
		DAE371C926D0D0A500CA2D80 /* Grid.swift */ = {isa = PBXFileReference; lastKnownFileType = sourcecode.swift; path = Grid.swift; sourceTree = "<group>"; };
		DAE371CC26D0D16E00CA2D80 /* Protocols.swift */ = {isa = PBXFileReference; lastKnownFileType = sourcecode.swift; path = Protocols.swift; sourceTree = "<group>"; };
		DAE371CF26D0D19600CA2D80 /* Ground.swift */ = {isa = PBXFileReference; lastKnownFileType = sourcecode.swift; path = Ground.swift; sourceTree = "<group>"; };
		DAE371D226D0D4D600CA2D80 /* Woodcutter.swift */ = {isa = PBXFileReference; lastKnownFileType = sourcecode.swift; path = Woodcutter.swift; sourceTree = "<group>"; };
		DAE371D526D0D4E000CA2D80 /* Bear.swift */ = {isa = PBXFileReference; lastKnownFileType = sourcecode.swift; path = Bear.swift; sourceTree = "<group>"; };
		DAE371D826D0D4E800CA2D80 /* Tree.swift */ = {isa = PBXFileReference; lastKnownFileType = sourcecode.swift; path = Tree.swift; sourceTree = "<group>"; };
/* End PBXFileReference section */

/* Begin PBXFrameworksBuildPhase section */
		DAE371A826D0CE8C00CA2D80 /* Frameworks */ = {
			isa = PBXFrameworksBuildPhase;
			buildActionMask = 2147483647;
			files = (
			);
			runOnlyForDeploymentPostprocessing = 0;
		};
/* End PBXFrameworksBuildPhase section */

/* Begin PBXGroup section */
		DAE371A226D0CE8C00CA2D80 = {
			isa = PBXGroup;
			children = (
				DAE371AD26D0CE8C00CA2D80 /* Forest */,
				DAE371AC26D0CE8C00CA2D80 /* Products */,
			);
			sourceTree = "<group>";
		};
		DAE371AC26D0CE8C00CA2D80 /* Products */ = {
			isa = PBXGroup;
			children = (
				DAE371AB26D0CE8C00CA2D80 /* Forest.app */,
			);
			name = Products;
			sourceTree = "<group>";
		};
		DAE371AD26D0CE8C00CA2D80 /* Forest */ = {
			isa = PBXGroup;
			children = (
				DAE371AE26D0CE8C00CA2D80 /* AppDelegate.swift */,
				DAE371B026D0CE8C00CA2D80 /* SceneDelegate.swift */,
				DAE371B226D0CE8C00CA2D80 /* ViewController.swift */,
				DAE371B426D0CE8C00CA2D80 /* Main.storyboard */,
				DAE371B726D0CE8D00CA2D80 /* Assets.xcassets */,
				DAE371B926D0CE8D00CA2D80 /* LaunchScreen.storyboard */,
				DAE371BC26D0CE8D00CA2D80 /* Info.plist */,
				DAE371C326D0CF0200CA2D80 /* ForestView.swift */,
				DAE371C626D0CF2100CA2D80 /* Forest.swift */,
				DAE371C926D0D0A500CA2D80 /* Grid.swift */,
				DAE371CC26D0D16E00CA2D80 /* Protocols.swift */,
				DAE371CF26D0D19600CA2D80 /* Ground.swift */,
				DAE371D226D0D4D600CA2D80 /* Woodcutter.swift */,
				DAE371D526D0D4E000CA2D80 /* Bear.swift */,
				DAE371D826D0D4E800CA2D80 /* Tree.swift */,
				DA97DF4826D21B80007CE394 /* ForestColors.swift */,
			);
			path = Forest;
			sourceTree = "<group>";
		};
/* End PBXGroup section */

/* Begin PBXNativeTarget section */
		DAE371AA26D0CE8C00CA2D80 /* Forest */ = {
			isa = PBXNativeTarget;
			buildConfigurationList = DAE371BF26D0CE8D00CA2D80 /* Build configuration list for PBXNativeTarget "Forest" */;
			buildPhases = (
				DAE371A726D0CE8C00CA2D80 /* Sources */,
				DAE371A826D0CE8C00CA2D80 /* Frameworks */,
				DAE371A926D0CE8C00CA2D80 /* Resources */,
			);
			buildRules = (
			);
			dependencies = (
			);
			name = Forest;
			productName = Forest;
			productReference = DAE371AB26D0CE8C00CA2D80 /* Forest.app */;
			productType = "com.apple.product-type.application";
		};
/* End PBXNativeTarget section */

/* Begin PBXProject section */
		DAE371A326D0CE8C00CA2D80 /* Project object */ = {
			isa = PBXProject;
			attributes = {
				LastSwiftUpdateCheck = 1240;
				LastUpgradeCheck = 1240;
				TargetAttributes = {
					DAE371AA26D0CE8C00CA2D80 = {
						CreatedOnToolsVersion = 12.4;
					};
				};
			};
			buildConfigurationList = DAE371A626D0CE8C00CA2D80 /* Build configuration list for PBXProject "Forest" */;
			compatibilityVersion = "Xcode 9.3";
			developmentRegion = en;
			hasScannedForEncodings = 0;
			knownRegions = (
				en,
				Base,
			);
			mainGroup = DAE371A226D0CE8C00CA2D80;
			productRefGroup = DAE371AC26D0CE8C00CA2D80 /* Products */;
			projectDirPath = "";
			projectRoot = "";
			targets = (
				DAE371AA26D0CE8C00CA2D80 /* Forest */,
			);
		};
/* End PBXProject section */

/* Begin PBXResourcesBuildPhase section */
		DAE371A926D0CE8C00CA2D80 /* Resources */ = {
			isa = PBXResourcesBuildPhase;
			buildActionMask = 2147483647;
			files = (
				DAE371BB26D0CE8D00CA2D80 /* LaunchScreen.storyboard in Resources */,
				DAE371B826D0CE8D00CA2D80 /* Assets.xcassets in Resources */,
				DAE371B626D0CE8C00CA2D80 /* Main.storyboard in Resources */,
			);
			runOnlyForDeploymentPostprocessing = 0;
		};
/* End PBXResourcesBuildPhase section */

/* Begin PBXSourcesBuildPhase section */
		DAE371A726D0CE8C00CA2D80 /* Sources */ = {
			isa = PBXSourcesBuildPhase;
			buildActionMask = 2147483647;
			files = (
				DAE371B326D0CE8C00CA2D80 /* ViewController.swift in Sources */,
				DAE371C726D0CF2200CA2D80 /* Forest.swift in Sources */,
				DAE371CD26D0D16E00CA2D80 /* Protocols.swift in Sources */,
				DAE371D626D0D4E000CA2D80 /* Bear.swift in Sources */,
				DAE371C426D0CF0200CA2D80 /* ForestView.swift in Sources */,
				DAE371AF26D0CE8C00CA2D80 /* AppDelegate.swift in Sources */,
				DAE371D926D0D4E800CA2D80 /* Tree.swift in Sources */,
				DAE371B126D0CE8C00CA2D80 /* SceneDelegate.swift in Sources */,
				DAE371D026D0D19600CA2D80 /* Ground.swift in Sources */,
				DAE371CA26D0D0A500CA2D80 /* Grid.swift in Sources */,
				DA97DF4926D21B80007CE394 /* ForestColors.swift in Sources */,
				DAE371D326D0D4D600CA2D80 /* Woodcutter.swift in Sources */,
			);
			runOnlyForDeploymentPostprocessing = 0;
		};
/* End PBXSourcesBuildPhase section */

/* Begin PBXVariantGroup section */
		DAE371B426D0CE8C00CA2D80 /* Main.storyboard */ = {
			isa = PBXVariantGroup;
			children = (
				DAE371B526D0CE8C00CA2D80 /* Base */,
			);
			name = Main.storyboard;
			sourceTree = "<group>";
		};
		DAE371B926D0CE8D00CA2D80 /* LaunchScreen.storyboard */ = {
			isa = PBXVariantGroup;
			children = (
				DAE371BA26D0CE8D00CA2D80 /* Base */,
			);
			name = LaunchScreen.storyboard;
			sourceTree = "<group>";
		};
/* End PBXVariantGroup section */

/* Begin XCBuildConfiguration section */
		DAE371BD26D0CE8D00CA2D80 /* Debug */ = {
			isa = XCBuildConfiguration;
			buildSettings = {
				ALWAYS_SEARCH_USER_PATHS = NO;
				CLANG_ANALYZER_NONNULL = YES;
				CLANG_ANALYZER_NUMBER_OBJECT_CONVERSION = YES_AGGRESSIVE;
				CLANG_CXX_LANGUAGE_STANDARD = "gnu++14";
				CLANG_CXX_LIBRARY = "libc++";
				CLANG_ENABLE_MODULES = YES;
				CLANG_ENABLE_OBJC_ARC = YES;
				CLANG_ENABLE_OBJC_WEAK = YES;
				CLANG_WARN_BLOCK_CAPTURE_AUTORELEASING = YES;
				CLANG_WARN_BOOL_CONVERSION = YES;
				CLANG_WARN_COMMA = YES;
				CLANG_WARN_CONSTANT_CONVERSION = YES;
				CLANG_WARN_DEPRECATED_OBJC_IMPLEMENTATIONS = YES;
				CLANG_WARN_DIRECT_OBJC_ISA_USAGE = YES_ERROR;
				CLANG_WARN_DOCUMENTATION_COMMENTS = YES;
				CLANG_WARN_EMPTY_BODY = YES;
				CLANG_WARN_ENUM_CONVERSION = YES;
				CLANG_WARN_INFINITE_RECURSION = YES;
				CLANG_WARN_INT_CONVERSION = YES;
				CLANG_WARN_NON_LITERAL_NULL_CONVERSION = YES;
				CLANG_WARN_OBJC_IMPLICIT_RETAIN_SELF = YES;
				CLANG_WARN_OBJC_LITERAL_CONVERSION = YES;
				CLANG_WARN_OBJC_ROOT_CLASS = YES_ERROR;
				CLANG_WARN_QUOTED_INCLUDE_IN_FRAMEWORK_HEADER = YES;
				CLANG_WARN_RANGE_LOOP_ANALYSIS = YES;
				CLANG_WARN_STRICT_PROTOTYPES = YES;
				CLANG_WARN_SUSPICIOUS_MOVE = YES;
				CLANG_WARN_UNGUARDED_AVAILABILITY = YES_AGGRESSIVE;
				CLANG_WARN_UNREACHABLE_CODE = YES;
				CLANG_WARN__DUPLICATE_METHOD_MATCH = YES;
				COPY_PHASE_STRIP = NO;
				DEBUG_INFORMATION_FORMAT = dwarf;
				ENABLE_STRICT_OBJC_MSGSEND = YES;
				ENABLE_TESTABILITY = YES;
				GCC_C_LANGUAGE_STANDARD = gnu11;
				GCC_DYNAMIC_NO_PIC = NO;
				GCC_NO_COMMON_BLOCKS = YES;
				GCC_OPTIMIZATION_LEVEL = 0;
				GCC_PREPROCESSOR_DEFINITIONS = (
					"DEBUG=1",
					"$(inherited)",
				);
				GCC_WARN_64_TO_32_BIT_CONVERSION = YES;
				GCC_WARN_ABOUT_RETURN_TYPE = YES_ERROR;
				GCC_WARN_UNDECLARED_SELECTOR = YES;
				GCC_WARN_UNINITIALIZED_AUTOS = YES_AGGRESSIVE;
				GCC_WARN_UNUSED_FUNCTION = YES;
				GCC_WARN_UNUSED_VARIABLE = YES;
				IPHONEOS_DEPLOYMENT_TARGET = 14.4;
				MTL_ENABLE_DEBUG_INFO = INCLUDE_SOURCE;
				MTL_FAST_MATH = YES;
				ONLY_ACTIVE_ARCH = YES;
				SDKROOT = iphoneos;
				SWIFT_ACTIVE_COMPILATION_CONDITIONS = DEBUG;
				SWIFT_OPTIMIZATION_LEVEL = "-Onone";
			};
			name = Debug;
		};
		DAE371BE26D0CE8D00CA2D80 /* Release */ = {
			isa = XCBuildConfiguration;
			buildSettings = {
				ALWAYS_SEARCH_USER_PATHS = NO;
				CLANG_ANALYZER_NONNULL = YES;
				CLANG_ANALYZER_NUMBER_OBJECT_CONVERSION = YES_AGGRESSIVE;
				CLANG_CXX_LANGUAGE_STANDARD = "gnu++14";
				CLANG_CXX_LIBRARY = "libc++";
				CLANG_ENABLE_MODULES = YES;
				CLANG_ENABLE_OBJC_ARC = YES;
				CLANG_ENABLE_OBJC_WEAK = YES;
				CLANG_WARN_BLOCK_CAPTURE_AUTORELEASING = YES;
				CLANG_WARN_BOOL_CONVERSION = YES;
				CLANG_WARN_COMMA = YES;
				CLANG_WARN_CONSTANT_CONVERSION = YES;
				CLANG_WARN_DEPRECATED_OBJC_IMPLEMENTATIONS = YES;
				CLANG_WARN_DIRECT_OBJC_ISA_USAGE = YES_ERROR;
				CLANG_WARN_DOCUMENTATION_COMMENTS = YES;
				CLANG_WARN_EMPTY_BODY = YES;
				CLANG_WARN_ENUM_CONVERSION = YES;
				CLANG_WARN_INFINITE_RECURSION = YES;
				CLANG_WARN_INT_CONVERSION = YES;
				CLANG_WARN_NON_LITERAL_NULL_CONVERSION = YES;
				CLANG_WARN_OBJC_IMPLICIT_RETAIN_SELF = YES;
				CLANG_WARN_OBJC_LITERAL_CONVERSION = YES;
				CLANG_WARN_OBJC_ROOT_CLASS = YES_ERROR;
				CLANG_WARN_QUOTED_INCLUDE_IN_FRAMEWORK_HEADER = YES;
				CLANG_WARN_RANGE_LOOP_ANALYSIS = YES;
				CLANG_WARN_STRICT_PROTOTYPES = YES;
				CLANG_WARN_SUSPICIOUS_MOVE = YES;
				CLANG_WARN_UNGUARDED_AVAILABILITY = YES_AGGRESSIVE;
				CLANG_WARN_UNREACHABLE_CODE = YES;
				CLANG_WARN__DUPLICATE_METHOD_MATCH = YES;
				COPY_PHASE_STRIP = NO;
				DEBUG_INFORMATION_FORMAT = "dwarf-with-dsym";
				ENABLE_NS_ASSERTIONS = NO;
				ENABLE_STRICT_OBJC_MSGSEND = YES;
				GCC_C_LANGUAGE_STANDARD = gnu11;
				GCC_NO_COMMON_BLOCKS = YES;
				GCC_WARN_64_TO_32_BIT_CONVERSION = YES;
				GCC_WARN_ABOUT_RETURN_TYPE = YES_ERROR;
				GCC_WARN_UNDECLARED_SELECTOR = YES;
				GCC_WARN_UNINITIALIZED_AUTOS = YES_AGGRESSIVE;
				GCC_WARN_UNUSED_FUNCTION = YES;
				GCC_WARN_UNUSED_VARIABLE = YES;
				IPHONEOS_DEPLOYMENT_TARGET = 14.4;
				MTL_ENABLE_DEBUG_INFO = NO;
				MTL_FAST_MATH = YES;
				SDKROOT = iphoneos;
				SWIFT_COMPILATION_MODE = wholemodule;
				SWIFT_OPTIMIZATION_LEVEL = "-O";
				VALIDATE_PRODUCT = YES;
			};
			name = Release;
		};
		DAE371C026D0CE8D00CA2D80 /* Debug */ = {
			isa = XCBuildConfiguration;
			buildSettings = {
				ASSETCATALOG_COMPILER_APPICON_NAME = AppIcon;
				ASSETCATALOG_COMPILER_GLOBAL_ACCENT_COLOR_NAME = AccentColor;
				CODE_SIGN_STYLE = Automatic;
				DEVELOPMENT_TEAM = 4VRJV777FC;
				INFOPLIST_FILE = Forest/Info.plist;
				LD_RUNPATH_SEARCH_PATHS = (
					"$(inherited)",
					"@executable_path/Frameworks",
				);
				PRODUCT_BUNDLE_IDENTIFIER = com.jaiprakash.Forest;
				PRODUCT_NAME = "$(TARGET_NAME)";
				SWIFT_VERSION = 5.0;
				TARGETED_DEVICE_FAMILY = "1,2";
			};
			name = Debug;
		};
		DAE371C126D0CE8D00CA2D80 /* Release */ = {
			isa = XCBuildConfiguration;
			buildSettings = {
				ASSETCATALOG_COMPILER_APPICON_NAME = AppIcon;
				ASSETCATALOG_COMPILER_GLOBAL_ACCENT_COLOR_NAME = AccentColor;
				CODE_SIGN_STYLE = Automatic;
				DEVELOPMENT_TEAM = 4VRJV777FC;
				INFOPLIST_FILE = Forest/Info.plist;
				LD_RUNPATH_SEARCH_PATHS = (
					"$(inherited)",
					"@executable_path/Frameworks",
				);
				PRODUCT_BUNDLE_IDENTIFIER = com.jaiprakash.Forest;
				PRODUCT_NAME = "$(TARGET_NAME)";
				SWIFT_VERSION = 5.0;
				TARGETED_DEVICE_FAMILY = "1,2";
			};
			name = Release;
		};
/* End XCBuildConfiguration section */

/* Begin XCConfigurationList section */
		DAE371A626D0CE8C00CA2D80 /* Build configuration list for PBXProject "Forest" */ = {
			isa = XCConfigurationList;
			buildConfigurations = (
				DAE371BD26D0CE8D00CA2D80 /* Debug */,
				DAE371BE26D0CE8D00CA2D80 /* Release */,
			);
			defaultConfigurationIsVisible = 0;
			defaultConfigurationName = Release;
		};
		DAE371BF26D0CE8D00CA2D80 /* Build configuration list for PBXNativeTarget "Forest" */ = {
			isa = XCConfigurationList;
			buildConfigurations = (
				DAE371C026D0CE8D00CA2D80 /* Debug */,
				DAE371C126D0CE8D00CA2D80 /* Release */,
			);
			defaultConfigurationIsVisible = 0;
			defaultConfigurationName = Release;
		};
/* End XCConfigurationList section */
	};
	rootObject = DAE371A326D0CE8C00CA2D80 /* Project object */;
}
